
Microsoft Visual Studio Solution File, Format Version 12.00
# Visual Studio Version 17
VisualStudioVersion = 17.5.33516.290
MinimumVisualStudioVersion = 10.0.40219.1
Project("{FAE04EC0-301F-11D3-BF4B-00C04F79EFBC}") = "Chocolate Dispenser - CSharp", "Chocolate Dispenser - CSharp.csproj", "{A11C3891-EE6F-421B-8D00-7AEC9D577A61}"
EndProject
Global
	GlobalSection(SolutionConfigurationPlatforms) = preSolution
		Debug|Any CPU = Debug|Any CPU
		Release|Any CPU = Release|Any CPU
	EndGlobalSection
	GlobalSection(ProjectConfigurationPlatforms) = postSolution
		{A11C3891-EE6F-421B-8D00-7AEC9D577A61}.Debug|Any CPU.ActiveCfg = Debug|Any CPU
		{A11C3891-EE6F-421B-8D00-7AEC9D577A61}.Debug|Any CPU.Build.0 = Debug|Any CPU
		{A11C3891-EE6F-421B-8D00-7AEC9D577A61}.Release|Any CPU.ActiveCfg = Release|Any CPU
		{A11C3891-EE6F-421B-8D00-7AEC9D577A61}.Release|Any CPU.Build.0 = Release|Any CPU
	EndGlobalSection
	GlobalSection(SolutionProperties) = preSolution
		HideSolutionNode = FALSE
	EndGlobalSection
	GlobalSection(ExtensibilityGlobals) = postSolution
		SolutionGuid = {A0BFDF78-1CF3-470F-87A9-34AA5BA8760C}
	EndGlobalSection
EndGlobal
